
Microsoft Visual Studio Solution File, Format Version 12.00
# Visual Studio Version 17
VisualStudioVersion = 17.0.32112.339
MinimumVisualStudioVersion = 10.0.40219.1
Project("{9A19103F-16F7-4668-BE54-9A1E7A4F7556}") = "ProgramacionIII-1Pac-2022", "ProgramacionIII-1Pac-2022\ProgramacionIII-1Pac-2022.csproj", "{9615F383-62E6-44AC-93F4-97EC88AD81F8}"
EndProject
Project("{FAE04EC0-301F-11D3-BF4B-00C04F79EFBC}") = "Clases libreria", "Clases libreria\Clases libreria.csproj", "{402109A0-EDDD-4636-A8BE-38F86CE23F9C}"
EndProject
Global
	GlobalSection(SolutionConfigurationPlatforms) = preSolution
		Debug|Any CPU = Debug|Any CPU
		Release|Any CPU = Release|Any CPU
	EndGlobalSection
	GlobalSection(ProjectConfigurationPlatforms) = postSolution
		{9615F383-62E6-44AC-93F4-97EC88AD81F8}.Debug|Any CPU.ActiveCfg = Debug|Any CPU
		{9615F383-62E6-44AC-93F4-97EC88AD81F8}.Debug|Any CPU.Build.0 = Debug|Any CPU
		{9615F383-62E6-44AC-93F4-97EC88AD81F8}.Release|Any CPU.ActiveCfg = Release|Any CPU
		{9615F383-62E6-44AC-93F4-97EC88AD81F8}.Release|Any CPU.Build.0 = Release|Any CPU
		{402109A0-EDDD-4636-A8BE-38F86CE23F9C}.Debug|Any CPU.ActiveCfg = Debug|Any CPU
		{402109A0-EDDD-4636-A8BE-38F86CE23F9C}.Debug|Any CPU.Build.0 = Debug|Any CPU
		{402109A0-EDDD-4636-A8BE-38F86CE23F9C}.Release|Any CPU.ActiveCfg = Release|Any CPU
		{402109A0-EDDD-4636-A8BE-38F86CE23F9C}.Release|Any CPU.Build.0 = Release|Any CPU
	EndGlobalSection
	GlobalSection(SolutionProperties) = preSolution
		HideSolutionNode = FALSE
	EndGlobalSection
	GlobalSection(ExtensibilityGlobals) = postSolution
		SolutionGuid = {286A1420-A70E-42F6-ACD2-6D9C2440DEC2}
	EndGlobalSection
EndGlobal
